Microsoft Visual Studio Solution File, Format Version 12.00
# Visual Studio Version 17
VisualStudioVersion = 17.11.35208.52
MinimumVisualStudioVersion = 10.0.40219.1
Project("{2150E333-8FDC-42A3-9474-1A3956D46DE8}") = "src", "src", "{41963605-9760-4CE8-A85F-75A907E71DA3}"
EndProject
Project("{2150E333-8FDC-42A3-9474-1A3956D46DE8}") = "tests", "tests", "{F29AA9F9-FEC2-4B34-8E00-59FF2BDF1983}"
EndProject
Project("{9A19103F-16F7-4668-BE54-9A1E7A4F7556}") = "MyRestaurant.Domain", "src\MyRestaurant.Domain\MyRestaurant.Domain.csproj", "{E5AF8B24-4F0C-4124-87BF-208005029405}"
EndProject
Project("{9A19103F-16F7-4668-BE54-9A1E7A4F7556}") = "MyRestaurant.DataAccess", "src\MyRestaurant.DataAccess\MyRestaurant.DataAccess.csproj", "{27A39D0D-8D14-4717-B2E1-DE52318D8EC2}"
EndProject
Project("{9A19103F-16F7-4668-BE54-9A1E7A4F7556}") = "MyRestaurant.WebApplication", "src\MyRestaurant.WebApplication\MyRestaurant.WebApplication.csproj", "{ADA2EECA-5372-4DA3-94E9-1D5B362DE091}"
EndProject
Project("{9A19103F-16F7-4668-BE54-9A1E7A4F7556}") = "MyRestaurant.Domain.Tests", "tests\MyRestaurant.Domain.Tests\MyRestaurant.Domain.Tests.csproj", "{F8E8A9C7-0AF5-4EC4-AF5B-C6C759455998}"
EndProject
Project("{9A19103F-16F7-4668-BE54-9A1E7A4F7556}") = "MyRestaurant.DataAccess.Tests", "tests\MyRestaurant.DataAccess.Tests\MyRestaurant.DataAccess.Tests.csproj", "{74A6B72C-29B4-4462-B722-0DDAD3FFC243}"
EndProject
Project("{9A19103F-16F7-4668-BE54-9A1E7A4F7556}") = "MyRestaurant.WebApplication.Tests", "tests\MyRestaurant.WebApplication.Tests\MyRestaurant.WebApplication.Tests.csproj", "{AEA5D7E6-976E-4590-9A87-9D905FB0F74C}"
EndProject
Project("{9A19103F-16F7-4668-BE54-9A1E7A4F7556}") = "MyRestaurant.EndToEnd.Tests", "tests\MyRestaurant.EndToEnd.Tests\MyRestaurant.EndToEnd.Tests.csproj", "{0D01ADDD-C188-427B-ADAA-BE6936277FC5}"
EndProject
Global
	GlobalSection(SolutionConfigurationPlatforms) = preSolution
		Debug|Any CPU = Debug|Any CPU
		Release|Any CPU = Release|Any CPU
	EndGlobalSection
	GlobalSection(SolutionProperties) = preSolution
		HideSolutionNode = FALSE
	EndGlobalSection
	GlobalSection(ProjectConfigurationPlatforms) = postSolution
		{E5AF8B24-4F0C-4124-87BF-208005029405}.Debug|Any CPU.ActiveCfg = Debug|Any CPU
		{E5AF8B24-4F0C-4124-87BF-208005029405}.Debug|Any CPU.Build.0 = Debug|Any CPU
		{E5AF8B24-4F0C-4124-87BF-208005029405}.Release|Any CPU.ActiveCfg = Release|Any CPU
		{E5AF8B24-4F0C-4124-87BF-208005029405}.Release|Any CPU.Build.0 = Release|Any CPU
		{27A39D0D-8D14-4717-B2E1-DE52318D8EC2}.Debug|Any CPU.ActiveCfg = Debug|Any CPU
		{27A39D0D-8D14-4717-B2E1-DE52318D8EC2}.Debug|Any CPU.Build.0 = Debug|Any CPU
		{27A39D0D-8D14-4717-B2E1-DE52318D8EC2}.Release|Any CPU.ActiveCfg = Release|Any CPU
		{27A39D0D-8D14-4717-B2E1-DE52318D8EC2}.Release|Any CPU.Build.0 = Release|Any CPU
		{ADA2EECA-5372-4DA3-94E9-1D5B362DE091}.Debug|Any CPU.ActiveCfg = Debug|Any CPU
		{ADA2EECA-5372-4DA3-94E9-1D5B362DE091}.Debug|Any CPU.Build.0 = Debug|Any CPU
		{ADA2EECA-5372-4DA3-94E9-1D5B362DE091}.Release|Any CPU.ActiveCfg = Release|Any CPU
		{ADA2EECA-5372-4DA3-94E9-1D5B362DE091}.Release|Any CPU.Build.0 = Release|Any CPU
		{F8E8A9C7-0AF5-4EC4-AF5B-C6C759455998}.Debug|Any CPU.ActiveCfg = Debug|Any CPU
		{F8E8A9C7-0AF5-4EC4-AF5B-C6C759455998}.Debug|Any CPU.Build.0 = Debug|Any CPU
		{F8E8A9C7-0AF5-4EC4-AF5B-C6C759455998}.Release|Any CPU.ActiveCfg = Release|Any CPU
		{F8E8A9C7-0AF5-4EC4-AF5B-C6C759455998}.Release|Any CPU.Build.0 = Release|Any CPU
		{74A6B72C-29B4-4462-B722-0DDAD3FFC243}.Debug|Any CPU.ActiveCfg = Debug|Any CPU
		{74A6B72C-29B4-4462-B722-0DDAD3FFC243}.Debug|Any CPU.Build.0 = Debug|Any CPU
		{74A6B72C-29B4-4462-B722-0DDAD3FFC243}.Release|Any CPU.ActiveCfg = Release|Any CPU
		{74A6B72C-29B4-4462-B722-0DDAD3FFC243}.Release|Any CPU.Build.0 = Release|Any CPU
		{AEA5D7E6-976E-4590-9A87-9D905FB0F74C}.Debug|Any CPU.ActiveCfg = Debug|Any CPU
		{AEA5D7E6-976E-4590-9A87-9D905FB0F74C}.Debug|Any CPU.Build.0 = Debug|Any CPU
		{AEA5D7E6-976E-4590-9A87-9D905FB0F74C}.Release|Any CPU.ActiveCfg = Release|Any CPU
		{AEA5D7E6-976E-4590-9A87-9D905FB0F74C}.Release|Any CPU.Build.0 = Release|Any CPU
		{0D01ADDD-C188-427B-ADAA-BE6936277FC5}.Debug|Any CPU.ActiveCfg = Debug|Any CPU
		{0D01ADDD-C188-427B-ADAA-BE6936277FC5}.Debug|Any CPU.Build.0 = Debug|Any CPU
		{0D01ADDD-C188-427B-ADAA-BE6936277FC5}.Release|Any CPU.ActiveCfg = Release|Any CPU
		{0D01ADDD-C188-427B-ADAA-BE6936277FC5}.Release|Any CPU.Build.0 = Release|Any CPU
	EndGlobalSection
	GlobalSection(NestedProjects) = preSolution
		{E5AF8B24-4F0C-4124-87BF-208005029405} = {41963605-9760-4CE8-A85F-75A907E71DA3}
		{27A39D0D-8D14-4717-B2E1-DE52318D8EC2} = {41963605-9760-4CE8-A85F-75A907E71DA3}
		{ADA2EECA-5372-4DA3-94E9-1D5B362DE091} = {41963605-9760-4CE8-A85F-75A907E71DA3}
		{F8E8A9C7-0AF5-4EC4-AF5B-C6C759455998} = {F29AA9F9-FEC2-4B34-8E00-59FF2BDF1983}
		{74A6B72C-29B4-4462-B722-0DDAD3FFC243} = {F29AA9F9-FEC2-4B34-8E00-59FF2BDF1983}
		{AEA5D7E6-976E-4590-9A87-9D905FB0F74C} = {F29AA9F9-FEC2-4B34-8E00-59FF2BDF1983}
		{0D01ADDD-C188-427B-ADAA-BE6936277FC5} = {F29AA9F9-FEC2-4B34-8E00-59FF2BDF1983}
	EndGlobalSection
EndGlobal
